schema: '2.0'
stages:
  get_data:
    cmd: python scripts/data.py
    deps:
    - path: scripts/data.py
      hash: md5
      md5: cc7f9ac30111aa964f7a6acc395b512b
      size: 925
    params:
      params.yaml:
        index_col: id
    outs:
    - path: data/initial_data.csv
      hash: md5
      md5: 871987d311d379d6b834db3f872a1d4a
      size: 13104943
      cloud:
        my_storage:
          etag: 871987d311d379d6b834db3f872a1d4a
          version_id: 00061BC6CF41E00A
  fit_model:
    cmd: python scripts/fit.py
    deps:
    - path: data/initial_data.csv
      hash: md5
      md5: 871987d311d379d6b834db3f872a1d4a
      size: 13104943
    - path: scripts/fit.py
      hash: md5
      md5: 0af52bd16627cbb29a66f5cb7af972aa
      size: 1327
    params:
      params.yaml:
        criterion: squared_error
        index_col: id
        max_depth: 15
        n_estimators: 100
        one_hot_drop: if_binary
        target_col: price
    outs:
    - path: models/fitted_model.pkl
      hash: md5
      md5: 441abcd8ae8db66a9ac8057c9ae6e7da
      size: 85367
      cloud:
        my_storage:
          etag: 441abcd8ae8db66a9ac8057c9ae6e7da
          version_id: 00061BC6CF3C8DA8
  evaluate_model:
    cmd: python scripts/evaluate.py
    deps:
    - path: models/fitted_model.pkl
      hash: md5
      md5: 441abcd8ae8db66a9ac8057c9ae6e7da
      size: 85367
    - path: scripts/evaluate.py
      hash: md5
      md5: efa1e532ec823248f65e5b2839e7201d
      size: 898
    params:
      params.yaml:
        index_col: id
        metrics:
        - neg_mean_absolute_error
        - neg_mean_squared_error
        - neg_mean_absolute_percentage_error
        - r2
        n_jobs: -1
        n_splits: 5
        target_col: price
    outs:
    - path: cv_results/cv_res.json
      hash: md5
      md5: 0f8c387e4ae90e8b7b9bf092f7c08d30
      size: 209
      cloud:
        my_storage:
          etag: 0f8c387e4ae90e8b7b9bf092f7c08d30
          version_id: 00061BC6CF3B9452
